
Microsoft Visual Studio Solution File, Format Version 12.00
# Visual Studio Version 16
VisualStudioVersion = 16.0.32106.194
MinimumVisualStudioVersion = 10.0.40219.1
Project("{FAE04EC0-301F-11D3-BF4B-00C04F79EFBC}") = "Eclerx.ADO.Rupali", "Eclerx.ADO.Rupali\Eclerx.ADO.Rupali.csproj", "{398EEB4F-04B6-44C8-A682-D189652703C7}"
EndProject
Global
	GlobalSection(SolutionConfigurationPlatforms) = preSolution
		Debug|Any CPU = Debug|Any CPU
		Release|Any CPU = Release|Any CPU
	EndGlobalSection
	GlobalSection(ProjectConfigurationPlatforms) = postSolution
		{398EEB4F-04B6-44C8-A682-D189652703C7}.Debug|Any CPU.ActiveCfg = Debug|Any CPU
		{398EEB4F-04B6-44C8-A682-D189652703C7}.Debug|Any CPU.Build.0 = Debug|Any CPU
		{398EEB4F-04B6-44C8-A682-D189652703C7}.Release|Any CPU.ActiveCfg = Release|Any CPU
		{398EEB4F-04B6-44C8-A682-D189652703C7}.Release|Any CPU.Build.0 = Release|Any CPU
	EndGlobalSection
	GlobalSection(SolutionProperties) = preSolution
		HideSolutionNode = FALSE
	EndGlobalSection
	GlobalSection(ExtensibilityGlobals) = postSolution
		SolutionGuid = {1A569CCA-9F5B-41D0-B0D0-4F1C6A7BF906}
	EndGlobalSection
EndGlobal
